# THIS IS AN AUTOGENERATED FILE. DO NOT EDIT THIS FILE DIRECTLY.
# yarn lockfile v1


bluebird@^3.5.0:
  version "3.5.4"
  resolved "https://registry.npm.taobao.org/bluebird/download/bluebird-3.5.4.tgz#d6cc661595de30d5b3af5fcedd3c0b3ef6ec5714"

lodash@^4.17.11:
  version "4.17.11"
  resolved "https://registry.npm.taobao.org/lodash/download/lodash-4.17.11.tgz#b39ea6229ef607ecd89e2c8df12536891cac9b8d"

psl@^1.1.28:
  version "1.1.31"
  resolved "https://registry.npm.taobao.org/psl/download/psl-1.1.31.tgz#e9aa86d0101b5b105cbe93ac6b784cd547276184"

punycode@^2.1.1:
  version "2.1.1"
  resolved "https://registry.npm.taobao.org/punycode/download/punycode-2.1.1.tgz#b58b010ac40c22c5657616c8d2c2c02c7bf479ec"

request-promise-core@1.1.2:
  version "1.1.2"
  resolved "https://registry.npm.taobao.org/request-promise-core/download/request-promise-core-1.1.2.tgz#339f6aababcafdb31c799ff158700336301d3346"
  dependencies:
    lodash "^4.17.11"

request-promise@^4.2.4:
  version "4.2.4"
  resolved "https://registry.npm.taobao.org/request-promise/download/request-promise-4.2.4.tgz#1c5ed0d71441e38ad58c7ce4ea4ea5b06d54b310"
  dependencies:
    bluebird "^3.5.0"
    request-promise-core "1.1.2"
    stealthy-require "^1.1.1"
    tough-cookie "^2.3.3"

stealthy-require@^1.1.1:
  version "1.1.1"
  resolved "https://registry.npm.taobao.org/stealthy-require/download/stealthy-require-1.1.1.tgz#35b09875b4ff49f26a777e509b3090a3226bf24b"

tough-cookie@^2.3.3:
  version "2.5.0"
  resolved "https://registry.npm.taobao.org/tough-cookie/download/tough-cookie-2.5.0.tgz#cd9fb2a0aa1d5a12b473bd9fb96fa3dcff65ade2"
  dependencies:
    psl "^1.1.28"
    punycode "^2.1.1"
